
Microsoft Visual Studio Solution File, Format Version 12.00
# Visual Studio Version 17
VisualStudioVersion = 17.3.32901.215
MinimumVisualStudioVersion = 10.0.40219.1
Project("{FAE04EC0-301F-11D3-BF4B-00C04F79EFBC}") = "Enigma", "Enigma\Enigma.csproj", "{C27A285D-BE42-4B88-B509-163E887E3647}"
EndProject
Project("{FAE04EC0-301F-11D3-BF4B-00C04F79EFBC}") = "ConsoleApp1", "ConsoleApp1\ConsoleApp1.csproj", "{892D4C24-132B-4D52-9C6F-2A0FC20CD8F6}"
EndProject
Project("{FAE04EC0-301F-11D3-BF4B-00C04F79EFBC}") = "UnitTests", "UnitTests\UnitTests.csproj", "{28DBCDDB-EF7F-48AE-A3DC-9966023DE362}"
EndProject
Project("{FAE04EC0-301F-11D3-BF4B-00C04F79EFBC}") = "Enigma.WpfApp", "Enigma.WpfApp\Enigma.WpfApp.csproj", "{8D1AA6F4-112C-4E47-B403-D337F8D062D2}"
EndProject
Global
	GlobalSection(SolutionConfigurationPlatforms) = preSolution
		Debug|Any CPU = Debug|Any CPU
		Release|Any CPU = Release|Any CPU
	EndGlobalSection
	GlobalSection(ProjectConfigurationPlatforms) = postSolution
		{C27A285D-BE42-4B88-B509-163E887E3647}.Debug|Any CPU.ActiveCfg = Debug|Any CPU
		{C27A285D-BE42-4B88-B509-163E887E3647}.Debug|Any CPU.Build.0 = Debug|Any CPU
		{C27A285D-BE42-4B88-B509-163E887E3647}.Release|Any CPU.ActiveCfg = Release|Any CPU
		{C27A285D-BE42-4B88-B509-163E887E3647}.Release|Any CPU.Build.0 = Release|Any CPU
		{892D4C24-132B-4D52-9C6F-2A0FC20CD8F6}.Debug|Any CPU.ActiveCfg = Debug|Any CPU
		{892D4C24-132B-4D52-9C6F-2A0FC20CD8F6}.Debug|Any CPU.Build.0 = Debug|Any CPU
		{892D4C24-132B-4D52-9C6F-2A0FC20CD8F6}.Release|Any CPU.ActiveCfg = Release|Any CPU
		{892D4C24-132B-4D52-9C6F-2A0FC20CD8F6}.Release|Any CPU.Build.0 = Release|Any CPU
		{28DBCDDB-EF7F-48AE-A3DC-9966023DE362}.Debug|Any CPU.ActiveCfg = Debug|Any CPU
		{28DBCDDB-EF7F-48AE-A3DC-9966023DE362}.Debug|Any CPU.Build.0 = Debug|Any CPU
		{28DBCDDB-EF7F-48AE-A3DC-9966023DE362}.Release|Any CPU.ActiveCfg = Release|Any CPU
		{28DBCDDB-EF7F-48AE-A3DC-9966023DE362}.Release|Any CPU.Build.0 = Release|Any CPU
		{8D1AA6F4-112C-4E47-B403-D337F8D062D2}.Debug|Any CPU.ActiveCfg = Debug|Any CPU
		{8D1AA6F4-112C-4E47-B403-D337F8D062D2}.Debug|Any CPU.Build.0 = Debug|Any CPU
		{8D1AA6F4-112C-4E47-B403-D337F8D062D2}.Release|Any CPU.ActiveCfg = Release|Any CPU
		{8D1AA6F4-112C-4E47-B403-D337F8D062D2}.Release|Any CPU.Build.0 = Release|Any CPU
	EndGlobalSection
	GlobalSection(SolutionProperties) = preSolution
		HideSolutionNode = FALSE
	EndGlobalSection
	GlobalSection(NestedProjects) = preSolution
	EndGlobalSection
	GlobalSection(ExtensibilityGlobals) = postSolution
		SolutionGuid = {BA932BF7-FC8B-4476-83A5-8C75FB17E447}
	EndGlobalSection
EndGlobal
